
Microsoft Visual Studio Solution File, Format Version 12.00
# Visual Studio Version 17
VisualStudioVersion = 17.9.34622.214
MinimumVisualStudioVersion = 10.0.40219.1
Project("{FAE04EC0-301F-11D3-BF4B-00C04F79EFBC}") = "Internship", "Internship\Internship.csproj", "{B205A1C1-C5B3-418B-B7D0-891B24580221}"
EndProject
Global
	GlobalSection(SolutionConfigurationPlatforms) = preSolution
		Debug|Any CPU = Debug|Any CPU
		Release|Any CPU = Release|Any CPU
	EndGlobalSection
	GlobalSection(ProjectConfigurationPlatforms) = postSolution
		{B205A1C1-C5B3-418B-B7D0-891B24580221}.Debug|Any CPU.ActiveCfg = Debug|Any CPU
		{B205A1C1-C5B3-418B-B7D0-891B24580221}.Debug|Any CPU.Build.0 = Debug|Any CPU
		{B205A1C1-C5B3-418B-B7D0-891B24580221}.Release|Any CPU.ActiveCfg = Release|Any CPU
		{B205A1C1-C5B3-418B-B7D0-891B24580221}.Release|Any CPU.Build.0 = Release|Any CPU
	EndGlobalSection
	GlobalSection(SolutionProperties) = preSolution
		HideSolutionNode = FALSE
	EndGlobalSection
	GlobalSection(ExtensibilityGlobals) = postSolution
		SolutionGuid = {33B0B10A-FDB1-40ED-B366-E14B5A3EDA5A}
	EndGlobalSection
EndGlobal
