
Microsoft Visual Studio Solution File, Format Version 12.00
# Visual Studio Version 17
VisualStudioVersion = 17.9.34622.214
MinimumVisualStudioVersion = 10.0.40219.1
Project("{FAE04EC0-301F-11D3-BF4B-00C04F79EFBC}") = "Internship", "Internship\Internship.csproj", "{A9F3600A-5CAC-4056-8117-5B2A14A1D8FB}"
EndProject
Global
	GlobalSection(SolutionConfigurationPlatforms) = preSolution
		Debug|Any CPU = Debug|Any CPU
		Release|Any CPU = Release|Any CPU
	EndGlobalSection
	GlobalSection(ProjectConfigurationPlatforms) = postSolution
		{A9F3600A-5CAC-4056-8117-5B2A14A1D8FB}.Debug|Any CPU.ActiveCfg = Debug|Any CPU
		{A9F3600A-5CAC-4056-8117-5B2A14A1D8FB}.Debug|Any CPU.Build.0 = Debug|Any CPU
		{A9F3600A-5CAC-4056-8117-5B2A14A1D8FB}.Release|Any CPU.ActiveCfg = Release|Any CPU
		{A9F3600A-5CAC-4056-8117-5B2A14A1D8FB}.Release|Any CPU.Build.0 = Release|Any CPU
	EndGlobalSection
	GlobalSection(SolutionProperties) = preSolution
		HideSolutionNode = FALSE
	EndGlobalSection
	GlobalSection(ExtensibilityGlobals) = postSolution
		SolutionGuid = {632A2314-CD3D-4A05-9EC1-2D096E98840E}
	EndGlobalSection
EndGlobal
